
Microsoft Visual Studio Solution File, Format Version 12.00
# Visual Studio Version 17
VisualStudioVersion = 17.2.32616.157
MinimumVisualStudioVersion = 10.0.40219.1
Project("{FAE04EC0-301F-11D3-BF4B-00C04F79EFBC}") = "Demo", "Demo\Demo.csproj", "{50C1F077-6D9E-4EA9-90CB-7F0ADF4E1D2F}"
EndProject
Global
	GlobalSection(SolutionConfigurationPlatforms) = preSolution
		Debug|Any CPU = Debug|Any CPU
		Release|Any CPU = Release|Any CPU
	EndGlobalSection
	GlobalSection(ProjectConfigurationPlatforms) = postSolution
		{50C1F077-6D9E-4EA9-90CB-7F0ADF4E1D2F}.Debug|Any CPU.ActiveCfg = Debug|Any CPU
		{50C1F077-6D9E-4EA9-90CB-7F0ADF4E1D2F}.Debug|Any CPU.Build.0 = Debug|Any CPU
		{50C1F077-6D9E-4EA9-90CB-7F0ADF4E1D2F}.Release|Any CPU.ActiveCfg = Release|Any CPU
		{50C1F077-6D9E-4EA9-90CB-7F0ADF4E1D2F}.Release|Any CPU.Build.0 = Release|Any CPU
	EndGlobalSection
	GlobalSection(SolutionProperties) = preSolution
		HideSolutionNode = FALSE
	EndGlobalSection
	GlobalSection(ExtensibilityGlobals) = postSolution
		SolutionGuid = {6A213749-EC35-4702-B836-13C897234B2F}
	EndGlobalSection
EndGlobal
